// !$*UTF8*$!
{
	archiveVersion = 1;
	classes = {
	};
	objectVersion = 46;
	objects = {

/* Begin PBXBuildFile section */
		DC9089221E7A685400FDB431 /* main.m in Sources */ = {isa = PBXBuildFile; fileRef = DC9089211E7A685400FDB431 /* main.m */; };
		DC9089251E7A685400FDB431 /* AppDelegate.m in Sources */ = {isa = PBXBuildFile; fileRef = DC9089241E7A685400FDB431 /* AppDelegate.m */; };
		DC9089281E7A685400FDB431 /* ViewController.m in Sources */ = {isa = PBXBuildFile; fileRef = DC9089271E7A685400FDB431 /* ViewController.m */; };
		DC90892B1E7A685400FDB431 /* Main.storyboard in Resources */ = {isa = PBXBuildFile; fileRef = DC9089291E7A685400FDB431 /* Main.storyboard */; };
		DC90892D1E7A685400FDB431 /* Assets.xcassets in Resources */ = {isa = PBXBuildFile; fileRef = DC90892C1E7A685400FDB431 /* Assets.xcassets */; };
		DC9089301E7A685400FDB431 /* LaunchScreen.storyboard in Resources */ = {isa = PBXBuildFile; fileRef = DC90892E1E7A685400FDB431 /* LaunchScreen.storyboard */; };
/* End PBXBuildFile section */

/* Begin PBXFileReference section */
		DC90891D1E7A685400FDB431 /* TemplateMethodPattern.app */ = {isa = PBXFileReference; explicitFileType = wrapper.application; includeInIndex = 0; path = TemplateMethodPattern.app; sourceTree = BUILT_PRODUCTS_DIR; };
		DC9089211E7A685400FDB431 /* main.m */ = {isa = PBXFileReference; lastKnownFileType = sourcecode.c.objc; path = main.m; sourceTree = "<group>"; };
		DC9089231E7A685400FDB431 /* AppDelegate.h */ = {isa = PBXFileReference; lastKnownFileType = sourcecode.c.h; path = AppDelegate.h; sourceTree = "<group>"; };
		DC9089241E7A685400FDB431 /* AppDelegate.m */ = {isa = PBXFileReference; lastKnownFileType = sourcecode.c.objc; path = AppDelegate.m; sourceTree = "<group>"; };
		DC9089261E7A685400FDB431 /* ViewController.h */ = {isa = PBXFileReference; lastKnownFileType = sourcecode.c.h; path = ViewController.h; sourceTree = "<group>"; };
		DC9089271E7A685400FDB431 /* ViewController.m */ = {isa = PBXFileReference; lastKnownFileType = sourcecode.c.objc; path = ViewController.m; sourceTree = "<group>"; };
		DC90892A1E7A685400FDB431 /* Base */ = {isa = PBXFileReference; lastKnownFileType = file.storyboard; name = Base; path = Base.lproj/Main.storyboard; sourceTree = "<group>"; };
		DC90892C1E7A685400FDB431 /* Assets.xcassets */ = {isa = PBXFileReference; lastKnownFileType = folder.assetcatalog; path = Assets.xcassets; sourceTree = "<group>"; };
		DC90892F1E7A685400FDB431 /* Base */ = {isa = PBXFileReference; lastKnownFileType = file.storyboard; name = Base; path = Base.lproj/LaunchScreen.storyboard; sourceTree = "<group>"; };
		DC9089311E7A685400FDB431 /* Info.plist */ = {isa = PBXFileReference; lastKnownFileType = text.plist.xml; path = Info.plist; sourceTree = "<group>"; };
/* End PBXFileReference section */

/* Begin PBXFrameworksBuildPhase section */
		DC90891A1E7A685400FDB431 /* Frameworks */ = {
			isa = PBXFrameworksBuildPhase;
			buildActionMask = 2147483647;
			files = (
			);
			runOnlyForDeploymentPostprocessing = 0;
		};
/* End PBXFrameworksBuildPhase section */

/* Begin PBXGroup section */
		DC9089141E7A685400FDB431 = {
			isa = PBXGroup;
			children = (
				DC90891F1E7A685400FDB431 /* TemplateMethodPattern */,
				DC90891E1E7A685400FDB431 /* Products */,
			);
			sourceTree = "<group>";
		};
		DC90891E1E7A685400FDB431 /* Products */ = {
			isa = PBXGroup;
			children = (
				DC90891D1E7A685400FDB431 /* TemplateMethodPattern.app */,
			);
			name = Products;
			sourceTree = "<group>";
		};
		DC90891F1E7A685400FDB431 /* TemplateMethodPattern */ = {
			isa = PBXGroup;
			children = (
				DC9089231E7A685400FDB431 /* AppDelegate.h */,
				DC9089241E7A685400FDB431 /* AppDelegate.m */,
				DC9089261E7A685400FDB431 /* ViewController.h */,
				DC9089271E7A685400FDB431 /* ViewController.m */,
				DC9089291E7A685400FDB431 /* Main.storyboard */,
				DC90892C1E7A685400FDB431 /* Assets.xcassets */,
				DC90892E1E7A685400FDB431 /* LaunchScreen.storyboard */,
				DC9089311E7A685400FDB431 /* Info.plist */,
				DC9089201E7A685400FDB431 /* Supporting Files */,
			);
			path = TemplateMethodPattern;
			sourceTree = "<group>";
		};
		DC9089201E7A685400FDB431 /* Supporting Files */ = {
			isa = PBXGroup;
			children = (
				DC9089211E7A685400FDB431 /* main.m */,
			);
			name = "Supporting Files";
			sourceTree = "<group>";
		};
/* End PBXGroup section */

/* Begin PBXNativeTarget section */
		DC90891C1E7A685400FDB431 /* TemplateMethodPattern */ = {
			isa = PBXNativeTarget;
			buildConfigurationList = DC9089341E7A685400FDB431 /* Build configuration list for PBXNativeTarget "TemplateMethodPattern" */;
			buildPhases = (
				DC9089191E7A685400FDB431 /* Sources */,
				DC90891A1E7A685400FDB431 /* Frameworks */,
				DC90891B1E7A685400FDB431 /* Resources */,
			);
			buildRules = (
			);
			dependencies = (
			);
			name = TemplateMethodPattern;
			productName = TemplateMethodPattern;
			productReference = DC90891D1E7A685400FDB431 /* TemplateMethodPattern.app */;
			productType = "com.apple.product-type.application";
		};
/* End PBXNativeTarget section */

/* Begin PBXProject section */
		DC9089151E7A685400FDB431 /* Project object */ = {
			isa = PBXProject;
			attributes = {
				LastUpgradeCheck = 0820;
				ORGANIZATIONNAME = liangjie;
				TargetAttributes = {
					DC90891C1E7A685400FDB431 = {
						CreatedOnToolsVersion = 8.2.1;
						DevelopmentTeam = 6DN7GZ678J;
						ProvisioningStyle = Automatic;
					};
				};
			};
			buildConfigurationList = DC9089181E7A685400FDB431 /* Build configuration list for PBXProject "TemplateMethodPattern" */;
			compatibilityVersion = "Xcode 3.2";
			developmentRegion = English;
			hasScannedForEncodings = 0;
			knownRegions = (
				en,
				Base,
			);
			mainGroup = DC9089141E7A685400FDB431;
			productRefGroup = DC90891E1E7A685400FDB431 /* Products */;
			projectDirPath = "";
			projectRoot = "";
			targets = (
				DC90891C1E7A685400FDB431 /* TemplateMethodPattern */,
			);
		};
/* End PBXProject section */

/* Begin PBXResourcesBuildPhase section */
		DC90891B1E7A685400FDB431 /* Resources */ = {
			isa = PBXResourcesBuildPhase;
			buildActionMask = 2147483647;
			files = (
				DC9089301E7A685400FDB431 /* LaunchScreen.storyboard in Resources */,
				DC90892D1E7A685400FDB431 /* Assets.xcassets in Resources */,
				DC90892B1E7A685400FDB431 /* Main.storyboard in Resources */,
			);
			runOnlyForDeploymentPostprocessing = 0;
		};
/* End PBXResourcesBuildPhase section */

/* Begin PBXSourcesBuildPhase section */
		DC9089191E7A685400FDB431 /* Sources */ = {
			isa = PBXSourcesBuildPhase;
			buildActionMask = 2147483647;
			files = (
				DC9089281E7A685400FDB431 /* ViewController.m in Sources */,
				DC9089251E7A685400FDB431 /* AppDelegate.m in Sources */,
				DC9089221E7A685400FDB431 /* main.m in Sources */,
			);
			runOnlyForDeploymentPostprocessing = 0;
		};
/* End PBXSourcesBuildPhase section */

/* Begin PBXVariantGroup section */
		DC9089291E7A685400FDB431 /* Main.storyboard */ = {
			isa = PBXVariantGroup;
			children = (
				DC90892A1E7A685400FDB431 /* Base */,
			);
			name = Main.storyboard;
			sourceTree = "<group>";
		};
		DC90892E1E7A685400FDB431 /* LaunchScreen.storyboard */ = {
			isa = PBXVariantGroup;
			children = (
				DC90892F1E7A685400FDB431 /* Base */,
			);
			name = LaunchScreen.storyboard;
			sourceTree = "<group>";
		};
/* End PBXVariantGroup section */

/* Begin XCBuildConfiguration section */
		DC9089321E7A685400FDB431 /* Debug */ = {
			isa = XCBuildConfiguration;
			buildSettings = {
				ALWAYS_SEARCH_USER_PATHS = NO;
				CLANG_ANALYZER_NONNULL = YES;
				CLANG_CXX_LANGUAGE_STANDARD = "gnu++0x";
				CLANG_CXX_LIBRARY = "libc++";
				CLANG_ENABLE_MODULES = YES;
				CLANG_ENABLE_OBJC_ARC = YES;
				CLANG_WARN_BOOL_CONVERSION = YES;
				CLANG_WARN_CONSTANT_CONVERSION = YES;
				CLANG_WARN_DIRECT_OBJC_ISA_USAGE = YES_ERROR;
				CLANG_WARN_DOCUMENTATION_COMMENTS = YES;
				CLANG_WARN_EMPTY_BODY = YES;
				CLANG_WARN_ENUM_CONVERSION = YES;
				CLANG_WARN_INFINITE_RECURSION = YES;
				CLANG_WARN_INT_CONVERSION = YES;
				CLANG_WARN_OBJC_ROOT_CLASS = YES_ERROR;
				CLANG_WARN_SUSPICIOUS_MOVE = YES;
				CLANG_WARN_UNREACHABLE_CODE = YES;
				CLANG_WARN__DUPLICATE_METHOD_MATCH = YES;
				"CODE_SIGN_IDENTITY[sdk=iphoneos*]" = "iPhone Developer";
				COPY_PHASE_STRIP = NO;
				DEBUG_INFORMATION_FORMAT = dwarf;
				ENABLE_STRICT_OBJC_MSGSEND = YES;
				ENABLE_TESTABILITY = YES;
				GCC_C_LANGUAGE_STANDARD = gnu99;
				GCC_DYNAMIC_NO_PIC = NO;
				GCC_NO_COMMON_BLOCKS = YES;
				GCC_OPTIMIZATION_LEVEL = 0;
				GCC_PREPROCESSOR_DEFINITIONS = (
					"DEBUG=1",
					"$(inherited)",
				);
				GCC_WARN_64_TO_32_BIT_CONVERSION = YES;
				GCC_WARN_ABOUT_RETURN_TYPE = YES_ERROR;
				GCC_WARN_UNDECLARED_SELECTOR = YES;
				GCC_WARN_UNINITIALIZED_AUTOS = YES_AGGRESSIVE;
				GCC_WARN_UNUSED_FUNCTION = YES;
				GCC_WARN_UNUSED_VARIABLE = YES;
				IPHONEOS_DEPLOYMENT_TARGET = 10.2;
				MTL_ENABLE_DEBUG_INFO = YES;
				ONLY_ACTIVE_ARCH = YES;
				SDKROOT = iphoneos;
				TARGETED_DEVICE_FAMILY = "1,2";
			};
			name = Debug;
		};
		DC9089331E7A685400FDB431 /* Release */ = {
			isa = XCBuildConfiguration;
			buildSettings = {
				ALWAYS_SEARCH_USER_PATHS = NO;
				CLANG_ANALYZER_NONNULL = YES;
				CLANG_CXX_LANGUAGE_STANDARD = "gnu++0x";
				CLANG_CXX_LIBRARY = "libc++";
				CLANG_ENABLE_MODULES = YES;
				CLANG_ENABLE_OBJC_ARC = YES;
				CLANG_WARN_BOOL_CONVERSION = YES;
				CLANG_WARN_CONSTANT_CONVERSION = YES;
				CLANG_WARN_DIRECT_OBJC_ISA_USAGE = YES_ERROR;
				CLANG_WARN_DOCUMENTATION_COMMENTS = YES;
				CLANG_WARN_EMPTY_BODY = YES;
				CLANG_WARN_ENUM_CONVERSION = YES;
				CLANG_WARN_INFINITE_RECURSION = YES;
				CLANG_WARN_INT_CONVERSION = YES;
				CLANG_WARN_OBJC_ROOT_CLASS = YES_ERROR;
				CLANG_WARN_SUSPICIOUS_MOVE = YES;
				CLANG_WARN_UNREACHABLE_CODE = YES;
				CLANG_WARN__DUPLICATE_METHOD_MATCH = YES;
				"CODE_SIGN_IDENTITY[sdk=iphoneos*]" = "iPhone Developer";
				COPY_PHASE_STRIP = NO;
				DEBUG_INFORMATION_FORMAT = "dwarf-with-dsym";
				ENABLE_NS_ASSERTIONS = NO;
				ENABLE_STRICT_OBJC_MSGSEND = YES;
				GCC_C_LANGUAGE_STANDARD = gnu99;
				GCC_NO_COMMON_BLOCKS = YES;
				GCC_WARN_64_TO_32_BIT_CONVERSION = YES;
				GCC_WARN_ABOUT_RETURN_TYPE = YES_ERROR;
				GCC_WARN_UNDECLARED_SELECTOR = YES;
				GCC_WARN_UNINITIALIZED_AUTOS = YES_AGGRESSIVE;
				GCC_WARN_UNUSED_FUNCTION = YES;
				GCC_WARN_UNUSED_VARIABLE = YES;
				IPHONEOS_DEPLOYMENT_TARGET = 10.2;
				MTL_ENABLE_DEBUG_INFO = NO;
				SDKROOT = iphoneos;
				TARGETED_DEVICE_FAMILY = "1,2";
				VALIDATE_PRODUCT = YES;
			};
			name = Release;
		};
		DC9089351E7A685400FDB431 /* Debug */ = {
			isa = XCBuildConfiguration;
			buildSettings = {
				ASSETCATALOG_COMPILER_APPICON_NAME = AppIcon;
				DEVELOPMENT_TEAM = 6DN7GZ678J;
				INFOPLIST_FILE = TemplateMethodPattern/Info.plist;
				LD_RUNPATH_SEARCH_PATHS = "$(inherited) @executable_path/Frameworks";
				PRODUCT_BUNDLE_IDENTIFIER = com.liangjie.TemplateMethodPattern;
				PRODUCT_NAME = "$(TARGET_NAME)";
			};
			name = Debug;
		};
		DC9089361E7A685400FDB431 /* Release */ = {
			isa = XCBuildConfiguration;
			buildSettings = {
				ASSETCATALOG_COMPILER_APPICON_NAME = AppIcon;
				DEVELOPMENT_TEAM = 6DN7GZ678J;
				INFOPLIST_FILE = TemplateMethodPattern/Info.plist;
				LD_RUNPATH_SEARCH_PATHS = "$(inherited) @executable_path/Frameworks";
				PRODUCT_BUNDLE_IDENTIFIER = com.liangjie.TemplateMethodPattern;
				PRODUCT_NAME = "$(TARGET_NAME)";
			};
			name = Release;
		};
/* End XCBuildConfiguration section */

/* Begin XCConfigurationList section */
		DC9089181E7A685400FDB431 /* Build configuration list for PBXProject "TemplateMethodPattern" */ = {
			isa = XCConfigurationList;
			buildConfigurations = (
				DC9089321E7A685400FDB431 /* Debug */,
				DC9089331E7A685400FDB431 /* Release */,
			);
			defaultConfigurationIsVisible = 0;
			defaultConfigurationName = Release;
		};
		DC9089341E7A685400FDB431 /* Build configuration list for PBXNativeTarget "TemplateMethodPattern" */ = {
			isa = XCConfigurationList;
			buildConfigurations = (
				DC9089351E7A685400FDB431 /* Debug */,
				DC9089361E7A685400FDB431 /* Release */,
			);
			defaultConfigurationIsVisible = 0;
		};
/* End XCConfigurationList section */
	};
	rootObject = DC9089151E7A685400FDB431 /* Project object */;
}
